
Microsoft Visual Studio Solution File, Format Version 12.00
# Visual Studio Version 17
VisualStudioVersion = 17.5.33424.131
MinimumVisualStudioVersion = 10.0.40219.1
Project("{FAE04EC0-301F-11D3-BF4B-00C04F79EFBC}") = "NetCoreLinqToXML", "NetCoreLinqToXML\NetCoreLinqToXML.csproj", "{4CB78A0B-9932-43A7-B93C-9930F7C9FE95}"
EndProject
Global
	GlobalSection(SolutionConfigurationPlatforms) = preSolution
		Debug|Any CPU = Debug|Any CPU
		Release|Any CPU = Release|Any CPU
	EndGlobalSection
	GlobalSection(ProjectConfigurationPlatforms) = postSolution
		{4CB78A0B-9932-43A7-B93C-9930F7C9FE95}.Debug|Any CPU.ActiveCfg = Debug|Any CPU
		{4CB78A0B-9932-43A7-B93C-9930F7C9FE95}.Debug|Any CPU.Build.0 = Debug|Any CPU
		{4CB78A0B-9932-43A7-B93C-9930F7C9FE95}.Release|Any CPU.ActiveCfg = Release|Any CPU
		{4CB78A0B-9932-43A7-B93C-9930F7C9FE95}.Release|Any CPU.Build.0 = Release|Any CPU
	EndGlobalSection
	GlobalSection(SolutionProperties) = preSolution
		HideSolutionNode = FALSE
	EndGlobalSection
	GlobalSection(ExtensibilityGlobals) = postSolution
		SolutionGuid = {C264AB73-91CE-4A49-BD9E-105A0E6C14BA}
	EndGlobalSection
EndGlobal
